
Microsoft Visual Studio Solution File, Format Version 12.00
# Visual Studio Version 17
VisualStudioVersion = 17.8.34330.188
MinimumVisualStudioVersion = 10.0.40219.1
Project("{FAE04EC0-301F-11D3-BF4B-00C04F79EFBC}") = "Produser", "Produser\Produser.csproj", "{01D9EE74-A607-4368-818C-5D8A0BA68D8E}"
EndProject
Global
	GlobalSection(SolutionConfigurationPlatforms) = preSolution
		Debug|Any CPU = Debug|Any CPU
		Release|Any CPU = Release|Any CPU
	EndGlobalSection
	GlobalSection(ProjectConfigurationPlatforms) = postSolution
		{01D9EE74-A607-4368-818C-5D8A0BA68D8E}.Debug|Any CPU.ActiveCfg = Debug|Any CPU
		{01D9EE74-A607-4368-818C-5D8A0BA68D8E}.Debug|Any CPU.Build.0 = Debug|Any CPU
		{01D9EE74-A607-4368-818C-5D8A0BA68D8E}.Release|Any CPU.ActiveCfg = Release|Any CPU
		{01D9EE74-A607-4368-818C-5D8A0BA68D8E}.Release|Any CPU.Build.0 = Release|Any CPU
	EndGlobalSection
	GlobalSection(SolutionProperties) = preSolution
		HideSolutionNode = FALSE
	EndGlobalSection
	GlobalSection(ExtensibilityGlobals) = postSolution
		SolutionGuid = {FCE57BDE-7FE6-49D7-A850-75C04E3D838F}
	EndGlobalSection
EndGlobal
